
Microsoft Visual Studio Solution File, Format Version 12.00
# Visual Studio Version 17
VisualStudioVersion = 17.4.33213.308
MinimumVisualStudioVersion = 10.0.40219.1
Project("{FAE04EC0-301F-11D3-BF4B-00C04F79EFBC}") = "lap53", "lap53\lap53.csproj", "{58378F99-F7DB-473B-A066-46110E2A0504}"
EndProject
Global
	GlobalSection(SolutionConfigurationPlatforms) = preSolution
		Debug|Any CPU = Debug|Any CPU
		Release|Any CPU = Release|Any CPU
	EndGlobalSection
	GlobalSection(ProjectConfigurationPlatforms) = postSolution
		{58378F99-F7DB-473B-A066-46110E2A0504}.Debug|Any CPU.ActiveCfg = Debug|Any CPU
		{58378F99-F7DB-473B-A066-46110E2A0504}.Debug|Any CPU.Build.0 = Debug|Any CPU
		{58378F99-F7DB-473B-A066-46110E2A0504}.Release|Any CPU.ActiveCfg = Release|Any CPU
		{58378F99-F7DB-473B-A066-46110E2A0504}.Release|Any CPU.Build.0 = Release|Any CPU
	EndGlobalSection
	GlobalSection(SolutionProperties) = preSolution
		HideSolutionNode = FALSE
	EndGlobalSection
	GlobalSection(ExtensibilityGlobals) = postSolution
		SolutionGuid = {1583A43B-22D5-44B5-BBDF-84880D559F71}
	EndGlobalSection
EndGlobal
