
Microsoft Visual Studio Solution File, Format Version 12.00
# Visual Studio Version 17
VisualStudioVersion = 17.4.33213.308
MinimumVisualStudioVersion = 10.0.40219.1
Project("{FAE04EC0-301F-11D3-BF4B-00C04F79EFBC}") = "lap41", "lap41\lap41.csproj", "{1F349097-A1F4-48AC-BC6B-8C5B89240CAE}"
EndProject
Global
	GlobalSection(SolutionConfigurationPlatforms) = preSolution
		Debug|Any CPU = Debug|Any CPU
		Release|Any CPU = Release|Any CPU
	EndGlobalSection
	GlobalSection(ProjectConfigurationPlatforms) = postSolution
		{1F349097-A1F4-48AC-BC6B-8C5B89240CAE}.Debug|Any CPU.ActiveCfg = Debug|Any CPU
		{1F349097-A1F4-48AC-BC6B-8C5B89240CAE}.Debug|Any CPU.Build.0 = Debug|Any CPU
		{1F349097-A1F4-48AC-BC6B-8C5B89240CAE}.Release|Any CPU.ActiveCfg = Release|Any CPU
		{1F349097-A1F4-48AC-BC6B-8C5B89240CAE}.Release|Any CPU.Build.0 = Release|Any CPU
	EndGlobalSection
	GlobalSection(SolutionProperties) = preSolution
		HideSolutionNode = FALSE
	EndGlobalSection
	GlobalSection(ExtensibilityGlobals) = postSolution
		SolutionGuid = {C2157EDF-B59B-4714-8894-B272D2CC8BE7}
	EndGlobalSection
EndGlobal
