
Microsoft Visual Studio Solution File, Format Version 12.00
# Visual Studio Version 17
VisualStudioVersion = 17.4.33213.308
MinimumVisualStudioVersion = 10.0.40219.1
Project("{FAE04EC0-301F-11D3-BF4B-00C04F79EFBC}") = "lap83", "lap83\lap83.csproj", "{707ABE19-B33F-4C78-A561-402935A580E0}"
EndProject
Global
	GlobalSection(SolutionConfigurationPlatforms) = preSolution
		Debug|Any CPU = Debug|Any CPU
		Release|Any CPU = Release|Any CPU
	EndGlobalSection
	GlobalSection(ProjectConfigurationPlatforms) = postSolution
		{707ABE19-B33F-4C78-A561-402935A580E0}.Debug|Any CPU.ActiveCfg = Debug|Any CPU
		{707ABE19-B33F-4C78-A561-402935A580E0}.Debug|Any CPU.Build.0 = Debug|Any CPU
		{707ABE19-B33F-4C78-A561-402935A580E0}.Release|Any CPU.ActiveCfg = Release|Any CPU
		{707ABE19-B33F-4C78-A561-402935A580E0}.Release|Any CPU.Build.0 = Release|Any CPU
	EndGlobalSection
	GlobalSection(SolutionProperties) = preSolution
		HideSolutionNode = FALSE
	EndGlobalSection
	GlobalSection(ExtensibilityGlobals) = postSolution
		SolutionGuid = {B1F653FD-8356-44B1-8132-3559A0E50BB7}
	EndGlobalSection
EndGlobal
