
Microsoft Visual Studio Solution File, Format Version 12.00
# Visual Studio Version 17
VisualStudioVersion = 17.4.33213.308
MinimumVisualStudioVersion = 10.0.40219.1
Project("{FAE04EC0-301F-11D3-BF4B-00C04F79EFBC}") = "lap22", "lap22\lap22.csproj", "{842D3F54-5FDA-44BB-84F2-3AE325A4501F}"
EndProject
Global
	GlobalSection(SolutionConfigurationPlatforms) = preSolution
		Debug|Any CPU = Debug|Any CPU
		Release|Any CPU = Release|Any CPU
	EndGlobalSection
	GlobalSection(ProjectConfigurationPlatforms) = postSolution
		{842D3F54-5FDA-44BB-84F2-3AE325A4501F}.Debug|Any CPU.ActiveCfg = Debug|Any CPU
		{842D3F54-5FDA-44BB-84F2-3AE325A4501F}.Debug|Any CPU.Build.0 = Debug|Any CPU
		{842D3F54-5FDA-44BB-84F2-3AE325A4501F}.Release|Any CPU.ActiveCfg = Release|Any CPU
		{842D3F54-5FDA-44BB-84F2-3AE325A4501F}.Release|Any CPU.Build.0 = Release|Any CPU
	EndGlobalSection
	GlobalSection(SolutionProperties) = preSolution
		HideSolutionNode = FALSE
	EndGlobalSection
	GlobalSection(ExtensibilityGlobals) = postSolution
		SolutionGuid = {83FB2254-4FD9-4673-B1FB-92C5FF012A0F}
	EndGlobalSection
EndGlobal
