
Microsoft Visual Studio Solution File, Format Version 12.00
# Visual Studio Version 17
VisualStudioVersion = 17.4.33213.308
MinimumVisualStudioVersion = 10.0.40219.1
Project("{FAE04EC0-301F-11D3-BF4B-00C04F79EFBC}") = "lap91", "lap91\lap91.csproj", "{248639FE-9487-417B-945A-AB6AB8A64873}"
EndProject
Global
	GlobalSection(SolutionConfigurationPlatforms) = preSolution
		Debug|Any CPU = Debug|Any CPU
		Release|Any CPU = Release|Any CPU
	EndGlobalSection
	GlobalSection(ProjectConfigurationPlatforms) = postSolution
		{248639FE-9487-417B-945A-AB6AB8A64873}.Debug|Any CPU.ActiveCfg = Debug|Any CPU
		{248639FE-9487-417B-945A-AB6AB8A64873}.Debug|Any CPU.Build.0 = Debug|Any CPU
		{248639FE-9487-417B-945A-AB6AB8A64873}.Release|Any CPU.ActiveCfg = Release|Any CPU
		{248639FE-9487-417B-945A-AB6AB8A64873}.Release|Any CPU.Build.0 = Release|Any CPU
	EndGlobalSection
	GlobalSection(SolutionProperties) = preSolution
		HideSolutionNode = FALSE
	EndGlobalSection
	GlobalSection(ExtensibilityGlobals) = postSolution
		SolutionGuid = {91882168-5403-45F0-8BE8-750CF18A754F}
	EndGlobalSection
EndGlobal
